{
  "requires": true,
  "lockfileVersion": 1,
  "dependencies": {
    "electron-virtual-keyboard": {
      "version": "1.0.7",
      "resolved": "https://registry.npmjs.org/electron-virtual-keyboard/-/electron-virtual-keyboard-1.0.7.tgz",
      "integrity": "sha512-FJmdYvhPAZwQCL0judu1OHZx8lBfpfhzRD2WAXUCqRzhff9fbpHVkw9fbMfLqJElgPOhto9x0+sJu3hDpYYRwg==",
      "requires": {
        "jquery": "^3.3.1"
      }
    },
    "jquery": {
      "version": "3.4.1",
      "resolved": "https://registry.npmjs.org/jquery/-/jquery-3.4.1.tgz",
      "integrity": "sha512-36+AdBzCL+y6qjw5Tx7HgzeGCzC81MDDgaUP8ld2zhx58HdqXGoBd+tHdrBMiyjGQs0Hxs/MLZTu/eHNJJuWPw=="
    }
  }
}
